
Microsoft Visual Studio Solution File, Format Version 12.00
# Visual Studio Version 16
VisualStudioVersion = 16.0.31729.503
MinimumVisualStudioVersion = 10.0.40219.1
Project("{9A19103F-16F7-4668-BE54-9A1E7A4F7556}") = "SPYM", "SPYM.csproj", "{71C16DEB-3D6A-44C2-9541-0AEC596F6D64}"
EndProject
Global
	GlobalSection(SolutionConfigurationPlatforms) = preSolution
		Debug|Any CPU = Debug|Any CPU
		Release|Any CPU = Release|Any CPU
	EndGlobalSection
	GlobalSection(ProjectConfigurationPlatforms) = postSolution
		{71C16DEB-3D6A-44C2-9541-0AEC596F6D64}.Debug|Any CPU.ActiveCfg = Debug|Any CPU
		{71C16DEB-3D6A-44C2-9541-0AEC596F6D64}.Debug|Any CPU.Build.0 = Debug|Any CPU
		{71C16DEB-3D6A-44C2-9541-0AEC596F6D64}.Release|Any CPU.ActiveCfg = Release|Any CPU
		{71C16DEB-3D6A-44C2-9541-0AEC596F6D64}.Release|Any CPU.Build.0 = Release|Any CPU
	EndGlobalSection
	GlobalSection(SolutionProperties) = preSolution
		HideSolutionNode = FALSE
	EndGlobalSection
	GlobalSection(ExtensibilityGlobals) = postSolution
		SolutionGuid = {E58DDD14-664F-468F-A377-620E43FF48B8}
	EndGlobalSection
EndGlobal
